// !$*UTF8*$!
{
	archiveVersion = 1;
	classes = {
	};
	objectVersion = 51;
	objects = {

/* Begin PBXBuildFile section */
		3B0003C825F920AD00FB480E /* MoviesService.swift in Sources */ = {isa = PBXBuildFile; fileRef = 3B0003C725F920AD00FB480E /* MoviesService.swift */; };
		3B11222325FA3D3600DE8A1D /* MoviesWorker.swift in Sources */ = {isa = PBXBuildFile; fileRef = 3B11222225FA3D3600DE8A1D /* MoviesWorker.swift */; };
		3B66F3E125FE8AD300D70E6D /* MoviesViewModel.swift in Sources */ = {isa = PBXBuildFile; fileRef = BFB93C6C249193FB000EB13E /* MoviesViewModel.swift */; };
		67A67E716CFD22D8CE59EDA8 /* Pods_PopularMovies.framework in Frameworks */ = {isa = PBXBuildFile; fileRef = FE587FF50FFF22D22DCB7647 /* Pods_PopularMovies.framework */; };
		BF3FF1D223BFD42400DD373F /* MovieDetailsController.swift in Sources */ = {isa = PBXBuildFile; fileRef = BF3FF1D123BFD42400DD373F /* MovieDetailsController.swift */; };
		BF777E5A23BF6F1C0035E125 /* AppDelegate.swift in Sources */ = {isa = PBXBuildFile; fileRef = BF777E5923BF6F1C0035E125 /* AppDelegate.swift */; };
		BF777E5F23BF6F1D0035E125 /* Main.storyboard in Resources */ = {isa = PBXBuildFile; fileRef = BF777E5D23BF6F1D0035E125 /* Main.storyboard */; };
		BF777E6223BF6F1D0035E125 /* PopularMovies.xcdatamodeld in Sources */ = {isa = PBXBuildFile; fileRef = BF777E6023BF6F1D0035E125 /* PopularMovies.xcdatamodeld */; };
		BF777E6723BF6F300035E125 /* LaunchScreen.storyboard in Resources */ = {isa = PBXBuildFile; fileRef = BF777E6523BF6F300035E125 /* LaunchScreen.storyboard */; };
		BF777E7723BF7D900035E125 /* HomeViewController.swift in Sources */ = {isa = PBXBuildFile; fileRef = BF777E7623BF7D900035E125 /* HomeViewController.swift */; };
		BF777E7923BF7DD90035E125 /* MovieCell.swift in Sources */ = {isa = PBXBuildFile; fileRef = BF777E7823BF7DD90035E125 /* MovieCell.swift */; };
		BF777E7E23BF8FB10035E125 /* Splash.swift in Sources */ = {isa = PBXBuildFile; fileRef = BF777E7D23BF8FB10035E125 /* Splash.swift */; };
		BF79535423C35C22000CEEDB /* FavouriteCell.swift in Sources */ = {isa = PBXBuildFile; fileRef = BF79535323C35C22000CEEDB /* FavouriteCell.swift */; };
		BF88422A249CB88000ADDF39 /* DetailsCollections.swift in Sources */ = {isa = PBXBuildFile; fileRef = BF884229249CB88000ADDF39 /* DetailsCollections.swift */; };
		BF88422D249CC2C100ADDF39 /* MovieDetailsData.swift in Sources */ = {isa = PBXBuildFile; fileRef = BF88422C249CC2C100ADDF39 /* MovieDetailsData.swift */; };
		BF88422F249CC77B00ADDF39 /* DetailsVM.swift in Sources */ = {isa = PBXBuildFile; fileRef = BF88422E249CC77B00ADDF39 /* DetailsVM.swift */; };
		BF884231249CCDD700ADDF39 /* BindDetailsData.swift in Sources */ = {isa = PBXBuildFile; fileRef = BF884230249CCDD700ADDF39 /* BindDetailsData.swift */; };
		BF8F575924A266D9001BF06B /* FavoriteCollection.swift in Sources */ = {isa = PBXBuildFile; fileRef = BF8F575824A266D9001BF06B /* FavoriteCollection.swift */; };
		BF8F575B24A268E6001BF06B /* FavoriteVM.swift in Sources */ = {isa = PBXBuildFile; fileRef = BF8F575A24A268E6001BF06B /* FavoriteVM.swift */; };
		BF8F575D24A27204001BF06B /* FavoriteViewController.swift in Sources */ = {isa = PBXBuildFile; fileRef = BF8F575C24A27204001BF06B /* FavoriteViewController.swift */; };
		BF90B5C623C1406800FA2DF4 /* YoutubeCell.swift in Sources */ = {isa = PBXBuildFile; fileRef = BF90B5C523C1406800FA2DF4 /* YoutubeCell.swift */; };
		BF9C0F0723C289CC0021203D /* LocalStorage.swift in Sources */ = {isa = PBXBuildFile; fileRef = BF9C0F0623C289CC0021203D /* LocalStorage.swift */; };
		BFB93C6B24917070000EB13E /* Movie.swift in Sources */ = {isa = PBXBuildFile; fileRef = BFB93C6A24917070000EB13E /* Movie.swift */; };
		BFB93C6F2491BCB0000EB13E /* Constants.swift in Sources */ = {isa = PBXBuildFile; fileRef = BFB93C6E2491BCB0000EB13E /* Constants.swift */; };
		BFEA511E23C8DF9F00557E6B /* Assets.xcassets in Resources */ = {isa = PBXBuildFile; fileRef = BFEA511D23C8DF9F00557E6B /* Assets.xcassets */; };
		BFFF5BB823C7EBC40060C394 /* RevCell.swift in Sources */ = {isa = PBXBuildFile; fileRef = BFFF5BB723C7EBC30060C394 /* RevCell.swift */; };
/* End PBXBuildFile section */

/* Begin PBXFileReference section */
		0EF2AB223E3EF132F4F623C0 /* Pods-PopularMovies.release.xcconfig */ = {isa = PBXFileReference; includeInIndex = 1; lastKnownFileType = text.xcconfig; name = "Pods-PopularMovies.release.xcconfig"; path = "Target Support Files/Pods-PopularMovies/Pods-PopularMovies.release.xcconfig"; sourceTree = "<group>"; };
		3B0003C725F920AD00FB480E /* MoviesService.swift */ = {isa = PBXFileReference; lastKnownFileType = sourcecode.swift; path = MoviesService.swift; sourceTree = "<group>"; };
		3B11222225FA3D3600DE8A1D /* MoviesWorker.swift */ = {isa = PBXFileReference; lastKnownFileType = sourcecode.swift; path = MoviesWorker.swift; sourceTree = "<group>"; };
		BF3FF1D123BFD42400DD373F /* MovieDetailsController.swift */ = {isa = PBXFileReference; lastKnownFileType = sourcecode.swift; path = MovieDetailsController.swift; sourceTree = "<group>"; };
		BF777E5623BF6F1C0035E125 /* PopularMovies.app */ = {isa = PBXFileReference; explicitFileType = wrapper.application; includeInIndex = 0; path = PopularMovies.app; sourceTree = BUILT_PRODUCTS_DIR; };
		BF777E5923BF6F1C0035E125 /* AppDelegate.swift */ = {isa = PBXFileReference; lastKnownFileType = sourcecode.swift; path = AppDelegate.swift; sourceTree = "<group>"; };
		BF777E5E23BF6F1D0035E125 /* Base */ = {isa = PBXFileReference; lastKnownFileType = file.storyboard; name = Base; path = Base.lproj/Main.storyboard; sourceTree = "<group>"; };
		BF777E6123BF6F1D0035E125 /* PopularMovies.xcdatamodel */ = {isa = PBXFileReference; lastKnownFileType = wrapper.xcdatamodel; path = PopularMovies.xcdatamodel; sourceTree = "<group>"; };
		BF777E6623BF6F300035E125 /* Base */ = {isa = PBXFileReference; lastKnownFileType = file.storyboard; name = Base; path = Base.lproj/LaunchScreen.storyboard; sourceTree = "<group>"; };
		BF777E6823BF6F300035E125 /* Info.plist */ = {isa = PBXFileReference; lastKnownFileType = text.plist.xml; path = Info.plist; sourceTree = "<group>"; };
		BF777E7623BF7D900035E125 /* HomeViewController.swift */ = {isa = PBXFileReference; lastKnownFileType = sourcecode.swift; path = HomeViewController.swift; sourceTree = "<group>"; };
		BF777E7823BF7DD90035E125 /* MovieCell.swift */ = {isa = PBXFileReference; lastKnownFileType = sourcecode.swift; path = MovieCell.swift; sourceTree = "<group>"; };
		BF777E7D23BF8FB10035E125 /* Splash.swift */ = {isa = PBXFileReference; lastKnownFileType = sourcecode.swift; path = Splash.swift; sourceTree = "<group>"; };
		BF79535323C35C22000CEEDB /* FavouriteCell.swift */ = {isa = PBXFileReference; lastKnownFileType = sourcecode.swift; path = FavouriteCell.swift; sourceTree = "<group>"; };
		BF884229249CB88000ADDF39 /* DetailsCollections.swift */ = {isa = PBXFileReference; lastKnownFileType = sourcecode.swift; path = DetailsCollections.swift; sourceTree = "<group>"; };
		BF88422C249CC2C100ADDF39 /* MovieDetailsData.swift */ = {isa = PBXFileReference; lastKnownFileType = sourcecode.swift; path = MovieDetailsData.swift; sourceTree = "<group>"; };
		BF88422E249CC77B00ADDF39 /* DetailsVM.swift */ = {isa = PBXFileReference; lastKnownFileType = sourcecode.swift; path = DetailsVM.swift; sourceTree = "<group>"; };
		BF884230249CCDD700ADDF39 /* BindDetailsData.swift */ = {isa = PBXFileReference; lastKnownFileType = sourcecode.swift; path = BindDetailsData.swift; sourceTree = "<group>"; };
		BF8F575824A266D9001BF06B /* FavoriteCollection.swift */ = {isa = PBXFileReference; lastKnownFileType = sourcecode.swift; path = FavoriteCollection.swift; sourceTree = "<group>"; };
		BF8F575A24A268E6001BF06B /* FavoriteVM.swift */ = {isa = PBXFileReference; lastKnownFileType = sourcecode.swift; path = FavoriteVM.swift; sourceTree = "<group>"; };
		BF8F575C24A27204001BF06B /* FavoriteViewController.swift */ = {isa = PBXFileReference; fileEncoding = 4; lastKnownFileType = sourcecode.swift; path = FavoriteViewController.swift; sourceTree = "<group>"; };
		BF90B5C523C1406800FA2DF4 /* YoutubeCell.swift */ = {isa = PBXFileReference; lastKnownFileType = sourcecode.swift; path = YoutubeCell.swift; sourceTree = "<group>"; };
		BF9C0F0623C289CC0021203D /* LocalStorage.swift */ = {isa = PBXFileReference; lastKnownFileType = sourcecode.swift; path = LocalStorage.swift; sourceTree = "<group>"; };
		BFB93C6A24917070000EB13E /* Movie.swift */ = {isa = PBXFileReference; lastKnownFileType = sourcecode.swift; path = Movie.swift; sourceTree = "<group>"; };
		BFB93C6C249193FB000EB13E /* MoviesViewModel.swift */ = {isa = PBXFileReference; lastKnownFileType = sourcecode.swift; path = MoviesViewModel.swift; sourceTree = "<group>"; };
		BFB93C6E2491BCB0000EB13E /* Constants.swift */ = {isa = PBXFileReference; lastKnownFileType = sourcecode.swift; path = Constants.swift; sourceTree = "<group>"; };
		BFEA511D23C8DF9F00557E6B /* Assets.xcassets */ = {isa = PBXFileReference; lastKnownFileType = folder.assetcatalog; path = Assets.xcassets; sourceTree = "<group>"; };
		BFFF5BB723C7EBC30060C394 /* RevCell.swift */ = {isa = PBXFileReference; lastKnownFileType = sourcecode.swift; path = RevCell.swift; sourceTree = "<group>"; };
		E7127C121BB564544D3ACA23 /* Pods-PopularMovies.debug.xcconfig */ = {isa = PBXFileReference; includeInIndex = 1; lastKnownFileType = text.xcconfig; name = "Pods-PopularMovies.debug.xcconfig"; path = "Target Support Files/Pods-PopularMovies/Pods-PopularMovies.debug.xcconfig"; sourceTree = "<group>"; };
		FE587FF50FFF22D22DCB7647 /* Pods_PopularMovies.framework */ = {isa = PBXFileReference; explicitFileType = wrapper.framework; includeInIndex = 0; path = Pods_PopularMovies.framework; sourceTree = BUILT_PRODUCTS_DIR; };
/* End PBXFileReference section */

/* Begin PBXFrameworksBuildPhase section */
		BF777E5323BF6F1C0035E125 /* Frameworks */ = {
			isa = PBXFrameworksBuildPhase;
			buildActionMask = 2147483647;
			files = (
				67A67E716CFD22D8CE59EDA8 /* Pods_PopularMovies.framework in Frameworks */,
			);
			runOnlyForDeploymentPostprocessing = 0;
		};
/* End PBXFrameworksBuildPhase section */

/* Begin PBXGroup section */
		3B0003C625F91EF800FB480E /* Utilities */ = {
			isa = PBXGroup;
			children = (
				BFEA511D23C8DF9F00557E6B /* Assets.xcassets */,
				BF777E6823BF6F300035E125 /* Info.plist */,
				BF777E5923BF6F1C0035E125 /* AppDelegate.swift */,
				BFB93C6E2491BCB0000EB13E /* Constants.swift */,
				BF9C0F0623C289CC0021203D /* LocalStorage.swift */,
			);
			path = Utilities;
			sourceTree = "<group>";
		};
		9621464FF55D186CA0EC5E53 /* Pods */ = {
			isa = PBXGroup;
			children = (
				E7127C121BB564544D3ACA23 /* Pods-PopularMovies.debug.xcconfig */,
				0EF2AB223E3EF132F4F623C0 /* Pods-PopularMovies.release.xcconfig */,
			);
			path = Pods;
			sourceTree = "<group>";
		};
		BF777E4D23BF6F1C0035E125 = {
			isa = PBXGroup;
			children = (
				BF777E5823BF6F1C0035E125 /* PopularMovies */,
				BF777E5723BF6F1C0035E125 /* Products */,
				9621464FF55D186CA0EC5E53 /* Pods */,
				E906A2D2BBEFA2C4B6AF6C5D /* Frameworks */,
			);
			sourceTree = "<group>";
		};
		BF777E5723BF6F1C0035E125 /* Products */ = {
			isa = PBXGroup;
			children = (
				BF777E5623BF6F1C0035E125 /* PopularMovies.app */,
			);
			name = Products;
			sourceTree = "<group>";
		};
		BF777E5823BF6F1C0035E125 /* PopularMovies */ = {
			isa = PBXGroup;
			children = (
				3B0003C625F91EF800FB480E /* Utilities */,
				BFE72056247DD0EC004A83F9 /* Favorite */,
				BFE72055247DD0E0004A83F9 /* Details */,
				BFE72054247DD0C6004A83F9 /* Home */,
				BF777E6523BF6F300035E125 /* LaunchScreen.storyboard */,
				BF777E7D23BF8FB10035E125 /* Splash.swift */,
				BF777E5D23BF6F1D0035E125 /* Main.storyboard */,
				BF777E6023BF6F1D0035E125 /* PopularMovies.xcdatamodeld */,
			);
			path = PopularMovies;
			sourceTree = "<group>";
		};
		BF884224249CB3C400ADDF39 /* view */ = {
			isa = PBXGroup;
			children = (
				BFFF5BB723C7EBC30060C394 /* RevCell.swift */,
				BF90B5C523C1406800FA2DF4 /* YoutubeCell.swift */,
				BF3FF1D123BFD42400DD373F /* MovieDetailsController.swift */,
				BF884229249CB88000ADDF39 /* DetailsCollections.swift */,
				BF884230249CCDD700ADDF39 /* BindDetailsData.swift */,
			);
			path = view;
			sourceTree = "<group>";
		};
		BF884225249CB3D600ADDF39 /* view model */ = {
			isa = PBXGroup;
			children = (
				BF88422E249CC77B00ADDF39 /* DetailsVM.swift */,
			);
			path = "view model";
			sourceTree = "<group>";
		};
		BF884226249CB3DF00ADDF39 /* Data */ = {
			isa = PBXGroup;
			children = (
				BF88422B249CC24A00ADDF39 /* nertwork */,
			);
			path = Data;
			sourceTree = "<group>";
		};
		BF884227249CB47400ADDF39 /* view */ = {
			isa = PBXGroup;
			children = (
				BF8F575C24A27204001BF06B /* FavoriteViewController.swift */,
				BF79535323C35C22000CEEDB /* FavouriteCell.swift */,
				BF8F575824A266D9001BF06B /* FavoriteCollection.swift */,
			);
			path = view;
			sourceTree = "<group>";
		};
		BF884228249CB47B00ADDF39 /* view model */ = {
			isa = PBXGroup;
			children = (
				BF8F575A24A268E6001BF06B /* FavoriteVM.swift */,
			);
			path = "view model";
			sourceTree = "<group>";
		};
		BF88422B249CC24A00ADDF39 /* nertwork */ = {
			isa = PBXGroup;
			children = (
				BF88422C249CC2C100ADDF39 /* MovieDetailsData.swift */,
			);
			path = nertwork;
			sourceTree = "<group>";
		};
		BF99CD74248DABCA00510D92 /* view */ = {
			isa = PBXGroup;
			children = (
				BF777E7623BF7D900035E125 /* HomeViewController.swift */,
				BF777E7823BF7DD90035E125 /* MovieCell.swift */,
			);
			path = view;
			sourceTree = "<group>";
		};
		BF99CD76248DABFA00510D92 /* view model */ = {
			isa = PBXGroup;
			children = (
				BFB93C6C249193FB000EB13E /* MoviesViewModel.swift */,
			);
			path = "view model";
			sourceTree = "<group>";
		};
		BF99CD77248DAC2200510D92 /* data */ = {
			isa = PBXGroup;
			children = (
				BF99CD79248DAC3200510D92 /* model */,
				BF99CD78248DAC2900510D92 /* network */,
			);
			path = data;
			sourceTree = "<group>";
		};
		BF99CD78248DAC2900510D92 /* network */ = {
			isa = PBXGroup;
			children = (
				3B0003C725F920AD00FB480E /* MoviesService.swift */,
				3B11222225FA3D3600DE8A1D /* MoviesWorker.swift */,
			);
			path = network;
			sourceTree = "<group>";
		};
		BF99CD79248DAC3200510D92 /* model */ = {
			isa = PBXGroup;
			children = (
				BFB93C6A24917070000EB13E /* Movie.swift */,
			);
			path = model;
			sourceTree = "<group>";
		};
		BFE72054247DD0C6004A83F9 /* Home */ = {
			isa = PBXGroup;
			children = (
				BF99CD77248DAC2200510D92 /* data */,
				BF99CD76248DABFA00510D92 /* view model */,
				BF99CD74248DABCA00510D92 /* view */,
			);
			path = Home;
			sourceTree = "<group>";
		};
		BFE72055247DD0E0004A83F9 /* Details */ = {
			isa = PBXGroup;
			children = (
				BF884226249CB3DF00ADDF39 /* Data */,
				BF884225249CB3D600ADDF39 /* view model */,
				BF884224249CB3C400ADDF39 /* view */,
			);
			path = Details;
			sourceTree = "<group>";
		};
		BFE72056247DD0EC004A83F9 /* Favorite */ = {
			isa = PBXGroup;
			children = (
				BF884228249CB47B00ADDF39 /* view model */,
				BF884227249CB47400ADDF39 /* view */,
			);
			path = Favorite;
			sourceTree = "<group>";
		};
		E906A2D2BBEFA2C4B6AF6C5D /* Frameworks */ = {
			isa = PBXGroup;
			children = (
				FE587FF50FFF22D22DCB7647 /* Pods_PopularMovies.framework */,
			);
			name = Frameworks;
			sourceTree = "<group>";
		};
/* End PBXGroup section */

/* Begin PBXNativeTarget section */
		BF777E5523BF6F1C0035E125 /* PopularMovies */ = {
			isa = PBXNativeTarget;
			buildConfigurationList = BF777E6B23BF6F300035E125 /* Build configuration list for PBXNativeTarget "PopularMovies" */;
			buildPhases = (
				CA97711688E6A9E49FEEEB34 /* [CP] Check Pods Manifest.lock */,
				BF777E5223BF6F1C0035E125 /* Sources */,
				BF777E5323BF6F1C0035E125 /* Frameworks */,
				BF777E5423BF6F1C0035E125 /* Resources */,
				629F18A81668DDF337F9F6BF /* [CP] Embed Pods Frameworks */,
			);
			buildRules = (
			);
			dependencies = (
			);
			name = PopularMovies;
			productName = PopularMovies;
			productReference = BF777E5623BF6F1C0035E125 /* PopularMovies.app */;
			productType = "com.apple.product-type.application";
		};
/* End PBXNativeTarget section */

/* Begin PBXProject section */
		BF777E4E23BF6F1C0035E125 /* Project object */ = {
			isa = PBXProject;
			attributes = {
				LastSwiftUpdateCheck = 1000;
				LastUpgradeCheck = 1000;
				ORGANIZATIONNAME = "Mahmoud fouad";
				TargetAttributes = {
					BF777E5523BF6F1C0035E125 = {
						CreatedOnToolsVersion = 10.0;
					};
				};
			};
			buildConfigurationList = BF777E5123BF6F1C0035E125 /* Build configuration list for PBXProject "PopularMovies" */;
			compatibilityVersion = "Xcode 9.3";
			developmentRegion = en;
			hasScannedForEncodings = 0;
			knownRegions = (
				en,
				Base,
			);
			mainGroup = BF777E4D23BF6F1C0035E125;
			productRefGroup = BF777E5723BF6F1C0035E125 /* Products */;
			projectDirPath = "";
			projectRoot = "";
			targets = (
				BF777E5523BF6F1C0035E125 /* PopularMovies */,
			);
		};
/* End PBXProject section */

/* Begin PBXResourcesBuildPhase section */
		BF777E5423BF6F1C0035E125 /* Resources */ = {
			isa = PBXResourcesBuildPhase;
			buildActionMask = 2147483647;
			files = (
				BF777E6723BF6F300035E125 /* LaunchScreen.storyboard in Resources */,
				BFEA511E23C8DF9F00557E6B /* Assets.xcassets in Resources */,
				BF777E5F23BF6F1D0035E125 /* Main.storyboard in Resources */,
			);
			runOnlyForDeploymentPostprocessing = 0;
		};
/* End PBXResourcesBuildPhase section */

/* Begin PBXShellScriptBuildPhase section */
		629F18A81668DDF337F9F6BF /* [CP] Embed Pods Frameworks */ = {
			isa = PBXShellScriptBuildPhase;
			buildActionMask = 2147483647;
			files = (
			);
			inputFileListPaths = (
				"${PODS_ROOT}/Target Support Files/Pods-PopularMovies/Pods-PopularMovies-frameworks-${CONFIGURATION}-input-files.xcfilelist",
			);
			name = "[CP] Embed Pods Frameworks";
			outputFileListPaths = (
				"${PODS_ROOT}/Target Support Files/Pods-PopularMovies/Pods-PopularMovies-frameworks-${CONFIGURATION}-output-files.xcfilelist",
			);
			runOnlyForDeploymentPostprocessing = 0;
			shellPath = /bin/sh;
			shellScript = "\"${PODS_ROOT}/Target Support Files/Pods-PopularMovies/Pods-PopularMovies-frameworks.sh\"\n";
			showEnvVarsInLog = 0;
		};
		CA97711688E6A9E49FEEEB34 /* [CP] Check Pods Manifest.lock */ = {
			isa = PBXShellScriptBuildPhase;
			buildActionMask = 2147483647;
			files = (
			);
			inputFileListPaths = (
			);
			inputPaths = (
				"${PODS_PODFILE_DIR_PATH}/Podfile.lock",
				"${PODS_ROOT}/Manifest.lock",
			);
			name = "[CP] Check Pods Manifest.lock";
			outputFileListPaths = (
			);
			outputPaths = (
				"$(DERIVED_FILE_DIR)/Pods-PopularMovies-checkManifestLockResult.txt",
			);
			runOnlyForDeploymentPostprocessing = 0;
			shellPath = /bin/sh;
			shellScript = "diff \"${PODS_PODFILE_DIR_PATH}/Podfile.lock\" \"${PODS_ROOT}/Manifest.lock\" > /dev/null\nif [ $? != 0 ] ; then\n    # print error to STDERR\n    echo \"error: The sandbox is not in sync with the Podfile.lock. Run 'pod install' or update your CocoaPods installation.\" >&2\n    exit 1\nfi\n# This output is used by Xcode 'outputs' to avoid re-running this script phase.\necho \"SUCCESS\" > \"${SCRIPT_OUTPUT_FILE_0}\"\n";
			showEnvVarsInLog = 0;
		};
/* End PBXShellScriptBuildPhase section */

/* Begin PBXSourcesBuildPhase section */
		BF777E5223BF6F1C0035E125 /* Sources */ = {
			isa = PBXSourcesBuildPhase;
			buildActionMask = 2147483647;
			files = (
				BF88422D249CC2C100ADDF39 /* MovieDetailsData.swift in Sources */,
				BF884231249CCDD700ADDF39 /* BindDetailsData.swift in Sources */,
				BF8F575D24A27204001BF06B /* FavoriteViewController.swift in Sources */,
				BF88422A249CB88000ADDF39 /* DetailsCollections.swift in Sources */,
				BF777E6223BF6F1D0035E125 /* PopularMovies.xcdatamodeld in Sources */,
				BF8F575B24A268E6001BF06B /* FavoriteVM.swift in Sources */,
				BFB93C6F2491BCB0000EB13E /* Constants.swift in Sources */,
				BFB93C6B24917070000EB13E /* Movie.swift in Sources */,
				3B0003C825F920AD00FB480E /* MoviesService.swift in Sources */,
				BF90B5C623C1406800FA2DF4 /* YoutubeCell.swift in Sources */,
				BF88422F249CC77B00ADDF39 /* DetailsVM.swift in Sources */,
				BF3FF1D223BFD42400DD373F /* MovieDetailsController.swift in Sources */,
				BFFF5BB823C7EBC40060C394 /* RevCell.swift in Sources */,
				BF777E7723BF7D900035E125 /* HomeViewController.swift in Sources */,
				BF9C0F0723C289CC0021203D /* LocalStorage.swift in Sources */,
				3B66F3E125FE8AD300D70E6D /* MoviesViewModel.swift in Sources */,
				BF777E7923BF7DD90035E125 /* MovieCell.swift in Sources */,
				3B11222325FA3D3600DE8A1D /* MoviesWorker.swift in Sources */,
				BF79535423C35C22000CEEDB /* FavouriteCell.swift in Sources */,
				BF777E5A23BF6F1C0035E125 /* AppDelegate.swift in Sources */,
				BF777E7E23BF8FB10035E125 /* Splash.swift in Sources */,
				BF8F575924A266D9001BF06B /* FavoriteCollection.swift in Sources */,
			);
			runOnlyForDeploymentPostprocessing = 0;
		};
/* End PBXSourcesBuildPhase section */

/* Begin PBXVariantGroup section */
		BF777E5D23BF6F1D0035E125 /* Main.storyboard */ = {
			isa = PBXVariantGroup;
			children = (
				BF777E5E23BF6F1D0035E125 /* Base */,
			);
			name = Main.storyboard;
			sourceTree = "<group>";
		};
		BF777E6523BF6F300035E125 /* LaunchScreen.storyboard */ = {
			isa = PBXVariantGroup;
			children = (
				BF777E6623BF6F300035E125 /* Base */,
			);
			name = LaunchScreen.storyboard;
			sourceTree = "<group>";
		};
/* End PBXVariantGroup section */

/* Begin XCBuildConfiguration section */
		BF777E6923BF6F300035E125 /* Debug */ = {
			isa = XCBuildConfiguration;
			buildSettings = {
				ALWAYS_SEARCH_USER_PATHS = NO;
				CLANG_ANALYZER_NONNULL = YES;
				CLANG_ANALYZER_NUMBER_OBJECT_CONVERSION = YES_AGGRESSIVE;
				CLANG_CXX_LANGUAGE_STANDARD = "gnu++14";
				CLANG_CXX_LIBRARY = "libc++";
				CLANG_ENABLE_MODULES = YES;
				CLANG_ENABLE_OBJC_ARC = YES;
				CLANG_ENABLE_OBJC_WEAK = YES;
				CLANG_WARN_BLOCK_CAPTURE_AUTORELEASING = YES;
				CLANG_WARN_BOOL_CONVERSION = YES;
				CLANG_WARN_COMMA = YES;
				CLANG_WARN_CONSTANT_CONVERSION = YES;
				CLANG_WARN_DEPRECATED_OBJC_IMPLEMENTATIONS = YES;
				CLANG_WARN_DIRECT_OBJC_ISA_USAGE = YES_ERROR;
				CLANG_WARN_DOCUMENTATION_COMMENTS = YES;
				CLANG_WARN_EMPTY_BODY = YES;
				CLANG_WARN_ENUM_CONVERSION = YES;
				CLANG_WARN_INFINITE_RECURSION = YES;
				CLANG_WARN_INT_CONVERSION = YES;
				CLANG_WARN_NON_LITERAL_NULL_CONVERSION = YES;
				CLANG_WARN_OBJC_IMPLICIT_RETAIN_SELF = YES;
				CLANG_WARN_OBJC_LITERAL_CONVERSION = YES;
				CLANG_WARN_OBJC_ROOT_CLASS = YES_ERROR;
				CLANG_WARN_RANGE_LOOP_ANALYSIS = YES;
				CLANG_WARN_STRICT_PROTOTYPES = YES;
				CLANG_WARN_SUSPICIOUS_MOVE = YES;
				CLANG_WARN_UNGUARDED_AVAILABILITY = YES_AGGRESSIVE;
				CLANG_WARN_UNREACHABLE_CODE = YES;
				CLANG_WARN__DUPLICATE_METHOD_MATCH = YES;
				CODE_SIGN_IDENTITY = "iPhone Developer";
				COPY_PHASE_STRIP = NO;
				DEBUG_INFORMATION_FORMAT = dwarf;
				ENABLE_STRICT_OBJC_MSGSEND = YES;
				ENABLE_TESTABILITY = YES;
				GCC_C_LANGUAGE_STANDARD = gnu11;
				GCC_DYNAMIC_NO_PIC = NO;
				GCC_NO_COMMON_BLOCKS = YES;
				GCC_OPTIMIZATION_LEVEL = 0;
				GCC_PREPROCESSOR_DEFINITIONS = (
					"DEBUG=1",
					"$(inherited)",
				);
				GCC_WARN_64_TO_32_BIT_CONVERSION = YES;
				GCC_WARN_ABOUT_RETURN_TYPE = YES_ERROR;
				GCC_WARN_UNDECLARED_SELECTOR = YES;
				GCC_WARN_UNINITIALIZED_AUTOS = YES_AGGRESSIVE;
				GCC_WARN_UNUSED_FUNCTION = YES;
				GCC_WARN_UNUSED_VARIABLE = YES;
				IPHONEOS_DEPLOYMENT_TARGET = 12.0;
				MTL_ENABLE_DEBUG_INFO = INCLUDE_SOURCE;
				MTL_FAST_MATH = YES;
				ONLY_ACTIVE_ARCH = YES;
				SDKROOT = iphoneos;
				SWIFT_ACTIVE_COMPILATION_CONDITIONS = DEBUG;
				SWIFT_OPTIMIZATION_LEVEL = "-Onone";
			};
			name = Debug;
		};
		BF777E6A23BF6F300035E125 /* Release */ = {
			isa = XCBuildConfiguration;
			buildSettings = {
				ALWAYS_SEARCH_USER_PATHS = NO;
				CLANG_ANALYZER_NONNULL = YES;
				CLANG_ANALYZER_NUMBER_OBJECT_CONVERSION = YES_AGGRESSIVE;
				CLANG_CXX_LANGUAGE_STANDARD = "gnu++14";
				CLANG_CXX_LIBRARY = "libc++";
				CLANG_ENABLE_MODULES = YES;
				CLANG_ENABLE_OBJC_ARC = YES;
				CLANG_ENABLE_OBJC_WEAK = YES;
				CLANG_WARN_BLOCK_CAPTURE_AUTORELEASING = YES;
				CLANG_WARN_BOOL_CONVERSION = YES;
				CLANG_WARN_COMMA = YES;
				CLANG_WARN_CONSTANT_CONVERSION = YES;
				CLANG_WARN_DEPRECATED_OBJC_IMPLEMENTATIONS = YES;
				CLANG_WARN_DIRECT_OBJC_ISA_USAGE = YES_ERROR;
				CLANG_WARN_DOCUMENTATION_COMMENTS = YES;
				CLANG_WARN_EMPTY_BODY = YES;
				CLANG_WARN_ENUM_CONVERSION = YES;
				CLANG_WARN_INFINITE_RECURSION = YES;
				CLANG_WARN_INT_CONVERSION = YES;
				CLANG_WARN_NON_LITERAL_NULL_CONVERSION = YES;
				CLANG_WARN_OBJC_IMPLICIT_RETAIN_SELF = YES;
				CLANG_WARN_OBJC_LITERAL_CONVERSION = YES;
				CLANG_WARN_OBJC_ROOT_CLASS = YES_ERROR;
				CLANG_WARN_RANGE_LOOP_ANALYSIS = YES;
				CLANG_WARN_STRICT_PROTOTYPES = YES;
				CLANG_WARN_SUSPICIOUS_MOVE = YES;
				CLANG_WARN_UNGUARDED_AVAILABILITY = YES_AGGRESSIVE;
				CLANG_WARN_UNREACHABLE_CODE = YES;
				CLANG_WARN__DUPLICATE_METHOD_MATCH = YES;
				CODE_SIGN_IDENTITY = "iPhone Developer";
				COPY_PHASE_STRIP = NO;
				DEBUG_INFORMATION_FORMAT = "dwarf-with-dsym";
				ENABLE_NS_ASSERTIONS = NO;
				ENABLE_STRICT_OBJC_MSGSEND = YES;
				GCC_C_LANGUAGE_STANDARD = gnu11;
				GCC_NO_COMMON_BLOCKS = YES;
				GCC_WARN_64_TO_32_BIT_CONVERSION = YES;
				GCC_WARN_ABOUT_RETURN_TYPE = YES_ERROR;
				GCC_WARN_UNDECLARED_SELECTOR = YES;
				GCC_WARN_UNINITIALIZED_AUTOS = YES_AGGRESSIVE;
				GCC_WARN_UNUSED_FUNCTION = YES;
				GCC_WARN_UNUSED_VARIABLE = YES;
				IPHONEOS_DEPLOYMENT_TARGET = 12.0;
				MTL_ENABLE_DEBUG_INFO = NO;
				MTL_FAST_MATH = YES;
				SDKROOT = iphoneos;
				SWIFT_COMPILATION_MODE = wholemodule;
				SWIFT_OPTIMIZATION_LEVEL = "-O";
				VALIDATE_PRODUCT = YES;
			};
			name = Release;
		};
		BF777E6C23BF6F300035E125 /* Debug */ = {
			isa = XCBuildConfiguration;
			baseConfigurationReference = E7127C121BB564544D3ACA23 /* Pods-PopularMovies.debug.xcconfig */;
			buildSettings = {
				ASSETCATALOG_COMPILER_APPICON_NAME = AppIcon;
				CODE_SIGN_STYLE = Automatic;
				INFOPLIST_FILE = PopularMovies/Utilities/Info.plist;
				IPHONEOS_DEPLOYMENT_TARGET = 11.0;
				LD_RUNPATH_SEARCH_PATHS = (
					"$(inherited)",
					"@executable_path/Frameworks",
				);
				PRODUCT_BUNDLE_IDENTIFIER = ITI.PopularMovies;
				PRODUCT_NAME = "$(TARGET_NAME)";
				SWIFT_VERSION = 4.2;
				TARGETED_DEVICE_FAMILY = "1,2";
			};
			name = Debug;
		};
		BF777E6D23BF6F300035E125 /* Release */ = {
			isa = XCBuildConfiguration;
			baseConfigurationReference = 0EF2AB223E3EF132F4F623C0 /* Pods-PopularMovies.release.xcconfig */;
			buildSettings = {
				ASSETCATALOG_COMPILER_APPICON_NAME = AppIcon;
				CODE_SIGN_STYLE = Automatic;
				INFOPLIST_FILE = PopularMovies/Utilities/Info.plist;
				IPHONEOS_DEPLOYMENT_TARGET = 11.0;
				LD_RUNPATH_SEARCH_PATHS = (
					"$(inherited)",
					"@executable_path/Frameworks",
				);
				PRODUCT_BUNDLE_IDENTIFIER = ITI.PopularMovies;
				PRODUCT_NAME = "$(TARGET_NAME)";
				SWIFT_VERSION = 4.2;
				TARGETED_DEVICE_FAMILY = "1,2";
			};
			name = Release;
		};
/* End XCBuildConfiguration section */

/* Begin XCConfigurationList section */
		BF777E5123BF6F1C0035E125 /* Build configuration list for PBXProject "PopularMovies" */ = {
			isa = XCConfigurationList;
			buildConfigurations = (
				BF777E6923BF6F300035E125 /* Debug */,
				BF777E6A23BF6F300035E125 /* Release */,
			);
			defaultConfigurationIsVisible = 0;
			defaultConfigurationName = Release;
		};
		BF777E6B23BF6F300035E125 /* Build configuration list for PBXNativeTarget "PopularMovies" */ = {
			isa = XCConfigurationList;
			buildConfigurations = (
				BF777E6C23BF6F300035E125 /* Debug */,
				BF777E6D23BF6F300035E125 /* Release */,
			);
			defaultConfigurationIsVisible = 0;
			defaultConfigurationName = Release;
		};
/* End XCConfigurationList section */

/* Begin XCVersionGroup section */
		BF777E6023BF6F1D0035E125 /* PopularMovies.xcdatamodeld */ = {
			isa = XCVersionGroup;
			children = (
				BF777E6123BF6F1D0035E125 /* PopularMovies.xcdatamodel */,
			);
			currentVersion = BF777E6123BF6F1D0035E125 /* PopularMovies.xcdatamodel */;
			path = PopularMovies.xcdatamodeld;
			sourceTree = "<group>";
			versionGroupType = wrapper.xcdatamodel;
		};
/* End XCVersionGroup section */
	};
	rootObject = BF777E4E23BF6F1C0035E125 /* Project object */;
}
